<?xml version="1.0" encoding="utf-8"?>
<Project ToolsVersion="4.0" xmlns="http://schemas.microsoft.com/developer/msbuild/2003">
  <ItemGroup>
    <Filter Include="Archivos de origen">
      <UniqueIdentifier>{4FC737F1-C7A5-4376-A066-2A32D752A2FF}</UniqueIdentifier>
      <Extensions>cpp;c;cc;cxx;c++;cppm;ixx;def;odl;idl;hpj;bat;asm;asmx</Extensions>
    </Filter>
    <Filter Include="Archivos de encabezado">
      <UniqueIdentifier>{93995380-89BD-4b04-88EB-625FBE52EBFB}</UniqueIdentifier>
      <Extensions>h;hh;hpp;hxx;h++;hm;inl;inc;ipp;xsd</Extensions>
    </Filter>
    <Filter Include="Archivos de recursos">
      <UniqueIdentifier>{67DA6AB6-F800-4c08-8B7A-83BB121AAD01}</UniqueIdentifier>
      <Extensions>rc;ico;cur;bmp;dlg;rc2;rct;bin;rgs;gif;jpg;jpeg;jpe;resx;tiff;tif;png;wav;mfcribbon-ms</Extensions>
    </Filter>
    <Filter Include="Archivos de encabezado\imgui">
      <UniqueIdentifier>{c7dd0375-bac7-480e-bc82-2c1e9c49b1a8}</UniqueIdentifier>
    </Filter>
    <Filter Include="Archivos de encabezado\sdl3">
      <UniqueIdentifier>{d6cc93ca-3d13-47bb-a8c7-54fc20982dae}</UniqueIdentifier>
    </Filter>
    <Filter Include="Archivos de origen\imgui">
      <UniqueIdentifier>{6f57c359-346f-4f9d-b6b1-751deb868450}</UniqueIdentifier>
    </Filter>
    <Filter Include="Archivos de origen\Motor">
      <UniqueIdentifier>{f397cc68-69e1-4db2-8912-55ab258ffc4b}</UniqueIdentifier>
    </Filter>
  </ItemGroup>
  <ItemGroup>
    <ClInclude Include="libs\imgui\include\imgui.h">
      <Filter>Archivos de encabezado\imgui</Filter>
    </ClInclude>
    <ClInclude Include="libs\imgui\include\imgui_impl_sdl3.h">
      <Filter>Archivos de encabezado\imgui</Filter>
    </ClInclude>
    <ClInclude Include="libs\imgui\include\imgui_impl_sdlgpu3.h">
      <Filter>Archivos de encabezado\imgui</Filter>
    </ClInclude>
    <ClInclude Include="libs\imgui\include\imgui_impl_sdlgpu3_shaders.h">
      <Filter>Archivos de encabezado\imgui</Filter>
    </ClInclude>
    <ClInclude Include="libs\imgui\include\imgui_impl_sdlrenderer3.h">
      <Filter>Archivos de encabezado\imgui</Filter>
    </ClInclude>
    <ClInclude Include="libs\imgui\include\imgui_internal.h">
      <Filter>Archivos de encabezado\imgui</Filter>
    </ClInclude>
    <ClInclude Include="libs\imgui\include\imstb_rectpack.h">
      <Filter>Archivos de encabezado\imgui</Filter>
    </ClInclude>
    <ClInclude Include="libs\imgui\include\imstb_textedit.h">
      <Filter>Archivos de encabezado\imgui</Filter>
    </ClInclude>
    <ClInclude Include="libs\imgui\include\imstb_truetype.h">
      <Filter>Archivos de encabezado\imgui</Filter>
    </ClInclude>
    <ClInclude Include="libs\imgui\include\imconfig.h">
      <Filter>Archivos de encabezado\imgui</Filter>
    </ClInclude>
    <ClInclude Include="libs\sdl3\include\SDL3\SDL_time.h">
      <Filter>Archivos de encabezado\sdl3</Filter>
    </ClInclude>
    <ClInclude Include="libs\sdl3\include\SDL3\SDL_timer.h">
      <Filter>Archivos de encabezado\sdl3</Filter>
    </ClInclude>
    <ClInclude Include="libs\sdl3\include\SDL3\SDL_touch.h">
      <Filter>Archivos de encabezado\sdl3</Filter>
    </ClInclude>
    <ClInclude Include="libs\sdl3\include\SDL3\SDL_tray.h">
      <Filter>Archivos de encabezado\sdl3</Filter>
    </ClInclude>
    <ClInclude Include="libs\sdl3\include\SDL3\SDL_version.h">
      <Filter>Archivos de encabezado\sdl3</Filter>
    </ClInclude>
    <ClInclude Include="libs\sdl3\include\SDL3\SDL_video.h">
      <Filter>Archivos de encabezado\sdl3</Filter>
    </ClInclude>
    <ClInclude Include="libs\sdl3\include\SDL3\SDL_vulkan.h">
      <Filter>Archivos de encabezado\sdl3</Filter>
    </ClInclude>
    <ClInclude Include="libs\sdl3\include\SDL3\SDL.h">
      <Filter>Archivos de encabezado\sdl3</Filter>
    </ClInclude>
    <ClInclude Include="libs\sdl3\include\SDL3\SDL_assert.h">
      <Filter>Archivos de encabezado\sdl3</Filter>
    </ClInclude>
    <ClInclude Include="libs\sdl3\include\SDL3\SDL_asyncio.h">
      <Filter>Archivos de encabezado\sdl3</Filter>
    </ClInclude>
    <ClInclude Include="libs\sdl3\include\SDL3\SDL_atomic.h">
      <Filter>Archivos de encabezado\sdl3</Filter>
    </ClInclude>
    <ClInclude Include="libs\sdl3\include\SDL3\SDL_audio.h">
      <Filter>Archivos de encabezado\sdl3</Filter>
    </ClInclude>
    <ClInclude Include="libs\sdl3\include\SDL3\SDL_begin_code.h">
      <Filter>Archivos de encabezado\sdl3</Filter>
    </ClInclude>
    <ClInclude Include="libs\sdl3\include\SDL3\SDL_bits.h">
      <Filter>Archivos de encabezado\sdl3</Filter>
    </ClInclude>
    <ClInclude Include="libs\sdl3\include\SDL3\SDL_blendmode.h">
      <Filter>Archivos de encabezado\sdl3</Filter>
    </ClInclude>
    <ClInclude Include="libs\sdl3\include\SDL3\SDL_camera.h">
      <Filter>Archivos de encabezado\sdl3</Filter>
    </ClInclude>
    <ClInclude Include="libs\sdl3\include\SDL3\SDL_clipboard.h">
      <Filter>Archivos de encabezado\sdl3</Filter>
    </ClInclude>
    <ClInclude Include="libs\sdl3\include\SDL3\SDL_close_code.h">
      <Filter>Archivos de encabezado\sdl3</Filter>
    </ClInclude>
    <ClInclude Include="libs\sdl3\include\SDL3\SDL_copying.h">
      <Filter>Archivos de encabezado\sdl3</Filter>
    </ClInclude>
    <ClInclude Include="libs\sdl3\include\SDL3\SDL_cpuinfo.h">
      <Filter>Archivos de encabezado\sdl3</Filter>
    </ClInclude>
    <ClInclude Include="libs\sdl3\include\SDL3\SDL_dialog.h">
      <Filter>Archivos de encabezado\sdl3</Filter>
    </ClInclude>
    <ClInclude Include="libs\sdl3\include\SDL3\SDL_egl.h">
      <Filter>Archivos de encabezado\sdl3</Filter>
    </ClInclude>
    <ClInclude Include="libs\sdl3\include\SDL3\SDL_endian.h">
      <Filter>Archivos de encabezado\sdl3</Filter>
    </ClInclude>
    <ClInclude Include="libs\sdl3\include\SDL3\SDL_error.h">
      <Filter>Archivos de encabezado\sdl3</Filter>
    </ClInclude>
    <ClInclude Include="libs\sdl3\include\SDL3\SDL_events.h">
      <Filter>Archivos de encabezado\sdl3</Filter>
    </ClInclude>
    <ClInclude Include="libs\sdl3\include\SDL3\SDL_filesystem.h">
      <Filter>Archivos de encabezado\sdl3</Filter>
    </ClInclude>
    <ClInclude Include="libs\sdl3\include\SDL3\SDL_gamepad.h">
      <Filter>Archivos de encabezado\sdl3</Filter>
    </ClInclude>
    <ClInclude Include="libs\sdl3\include\SDL3\SDL_gpu.h">
      <Filter>Archivos de encabezado\sdl3</Filter>
    </ClInclude>
    <ClInclude Include="libs\sdl3\include\SDL3\SDL_guid.h">
      <Filter>Archivos de encabezado\sdl3</Filter>
    </ClInclude>
    <ClInclude Include="libs\sdl3\include\SDL3\SDL_haptic.h">
      <Filter>Archivos de encabezado\sdl3</Filter>
    </ClInclude>
    <ClInclude Include="libs\sdl3\include\SDL3\SDL_hidapi.h">
      <Filter>Archivos de encabezado\sdl3</Filter>
    </ClInclude>
    <ClInclude Include="libs\sdl3\include\SDL3\SDL_hints.h">
      <Filter>Archivos de encabezado\sdl3</Filter>
    </ClInclude>
    <ClInclude Include="libs\sdl3\include\SDL3\SDL_init.h">
      <Filter>Archivos de encabezado\sdl3</Filter>
    </ClInclude>
    <ClInclude Include="libs\sdl3\include\SDL3\SDL_intrin.h">
      <Filter>Archivos de encabezado\sdl3</Filter>
    </ClInclude>
    <ClInclude Include="libs\sdl3\include\SDL3\SDL_iostream.h">
      <Filter>Archivos de encabezado\sdl3</Filter>
    </ClInclude>
    <ClInclude Include="libs\sdl3\include\SDL3\SDL_joystick.h">
      <Filter>Archivos de encabezado\sdl3</Filter>
    </ClInclude>
    <ClInclude Include="libs\sdl3\include\SDL3\SDL_keyboard.h">
      <Filter>Archivos de encabezado\sdl3</Filter>
    </ClInclude>
    <ClInclude Include="libs\sdl3\include\SDL3\SDL_keycode.h">
      <Filter>Archivos de encabezado\sdl3</Filter>
    </ClInclude>
    <ClInclude Include="libs\sdl3\include\SDL3\SDL_loadso.h">
      <Filter>Archivos de encabezado\sdl3</Filter>
    </ClInclude>
    <ClInclude Include="libs\sdl3\include\SDL3\SDL_locale.h">
      <Filter>Archivos de encabezado\sdl3</Filter>
    </ClInclude>
    <ClInclude Include="libs\sdl3\include\SDL3\SDL_log.h">
      <Filter>Archivos de encabezado\sdl3</Filter>
    </ClInclude>
    <ClInclude Include="libs\sdl3\include\SDL3\SDL_main.h">
      <Filter>Archivos de encabezado\sdl3</Filter>
    </ClInclude>
    <ClInclude Include="libs\sdl3\include\SDL3\SDL_main_impl.h">
      <Filter>Archivos de encabezado\sdl3</Filter>
    </ClInclude>
    <ClInclude Include="libs\sdl3\include\SDL3\SDL_messagebox.h">
      <Filter>Archivos de encabezado\sdl3</Filter>
    </ClInclude>
    <ClInclude Include="libs\sdl3\include\SDL3\SDL_metal.h">
      <Filter>Archivos de encabezado\sdl3</Filter>
    </ClInclude>
    <ClInclude Include="libs\sdl3\include\SDL3\SDL_misc.h">
      <Filter>Archivos de encabezado\sdl3</Filter>
    </ClInclude>
    <ClInclude Include="libs\sdl3\include\SDL3\SDL_mouse.h">
      <Filter>Archivos de encabezado\sdl3</Filter>
    </ClInclude>
    <ClInclude Include="libs\sdl3\include\SDL3\SDL_mutex.h">
      <Filter>Archivos de encabezado\sdl3</Filter>
    </ClInclude>
    <ClInclude Include="libs\sdl3\include\SDL3\SDL_oldnames.h">
      <Filter>Archivos de encabezado\sdl3</Filter>
    </ClInclude>
    <ClInclude Include="libs\sdl3\include\SDL3\SDL_opengl.h">
      <Filter>Archivos de encabezado\sdl3</Filter>
    </ClInclude>
    <ClInclude Include="libs\sdl3\include\SDL3\SDL_opengl_glext.h">
      <Filter>Archivos de encabezado\sdl3</Filter>
    </ClInclude>
    <ClInclude Include="libs\sdl3\include\SDL3\SDL_opengles.h">
      <Filter>Archivos de encabezado\sdl3</Filter>
    </ClInclude>
    <ClInclude Include="libs\sdl3\include\SDL3\SDL_opengles2.h">
      <Filter>Archivos de encabezado\sdl3</Filter>
    </ClInclude>
    <ClInclude Include="libs\sdl3\include\SDL3\SDL_opengles2_gl2.h">
      <Filter>Archivos de encabezado\sdl3</Filter>
    </ClInclude>
    <ClInclude Include="libs\sdl3\include\SDL3\SDL_opengles2_gl2ext.h">
      <Filter>Archivos de encabezado\sdl3</Filter>
    </ClInclude>
    <ClInclude Include="libs\sdl3\include\SDL3\SDL_opengles2_gl2platform.h">
      <Filter>Archivos de encabezado\sdl3</Filter>
    </ClInclude>
    <ClInclude Include="libs\sdl3\include\SDL3\SDL_opengles2_khrplatform.h">
      <Filter>Archivos de encabezado\sdl3</Filter>
    </ClInclude>
    <ClInclude Include="libs\sdl3\include\SDL3\SDL_pen.h">
      <Filter>Archivos de encabezado\sdl3</Filter>
    </ClInclude>
    <ClInclude Include="libs\sdl3\include\SDL3\SDL_pixels.h">
      <Filter>Archivos de encabezado\sdl3</Filter>
    </ClInclude>
    <ClInclude Include="libs\sdl3\include\SDL3\SDL_platform.h">
      <Filter>Archivos de encabezado\sdl3</Filter>
    </ClInclude>
    <ClInclude Include="libs\sdl3\include\SDL3\SDL_platform_defines.h">
      <Filter>Archivos de encabezado\sdl3</Filter>
    </ClInclude>
    <ClInclude Include="libs\sdl3\include\SDL3\SDL_power.h">
      <Filter>Archivos de encabezado\sdl3</Filter>
    </ClInclude>
    <ClInclude Include="libs\sdl3\include\SDL3\SDL_process.h">
      <Filter>Archivos de encabezado\sdl3</Filter>
    </ClInclude>
    <ClInclude Include="libs\sdl3\include\SDL3\SDL_properties.h">
      <Filter>Archivos de encabezado\sdl3</Filter>
    </ClInclude>
    <ClInclude Include="libs\sdl3\include\SDL3\SDL_rect.h">
      <Filter>Archivos de encabezado\sdl3</Filter>
    </ClInclude>
    <ClInclude Include="libs\sdl3\include\SDL3\SDL_render.h">
      <Filter>Archivos de encabezado\sdl3</Filter>
    </ClInclude>
    <ClInclude Include="libs\sdl3\include\SDL3\SDL_revision.h">
      <Filter>Archivos de encabezado\sdl3</Filter>
    </ClInclude>
    <ClInclude Include="libs\sdl3\include\SDL3\SDL_scancode.h">
      <Filter>Archivos de encabezado\sdl3</Filter>
    </ClInclude>
    <ClInclude Include="libs\sdl3\include\SDL3\SDL_sensor.h">
      <Filter>Archivos de encabezado\sdl3</Filter>
    </ClInclude>
    <ClInclude Include="libs\sdl3\include\SDL3\SDL_stdinc.h">
      <Filter>Archivos de encabezado\sdl3</Filter>
    </ClInclude>
    <ClInclude Include="libs\sdl3\include\SDL3\SDL_storage.h">
      <Filter>Archivos de encabezado\sdl3</Filter>
    </ClInclude>
    <ClInclude Include="libs\sdl3\include\SDL3\SDL_surface.h">
      <Filter>Archivos de encabezado\sdl3</Filter>
    </ClInclude>
    <ClInclude Include="libs\sdl3\include\SDL3\SDL_system.h">
      <Filter>Archivos de encabezado\sdl3</Filter>
    </ClInclude>
    <ClInclude Include="libs\sdl3\include\SDL3\SDL_test.h">
      <Filter>Archivos de encabezado\sdl3</Filter>
    </ClInclude>
    <ClInclude Include="libs\sdl3\include\SDL3\SDL_test_assert.h">
      <Filter>Archivos de encabezado\sdl3</Filter>
    </ClInclude>
    <ClInclude Include="libs\sdl3\include\SDL3\SDL_test_common.h">
      <Filter>Archivos de encabezado\sdl3</Filter>
    </ClInclude>
    <ClInclude Include="libs\sdl3\include\SDL3\SDL_test_compare.h">
      <Filter>Archivos de encabezado\sdl3</Filter>
    </ClInclude>
    <ClInclude Include="libs\sdl3\include\SDL3\SDL_test_crc32.h">
      <Filter>Archivos de encabezado\sdl3</Filter>
    </ClInclude>
    <ClInclude Include="libs\sdl3\include\SDL3\SDL_test_font.h">
      <Filter>Archivos de encabezado\sdl3</Filter>
    </ClInclude>
    <ClInclude Include="libs\sdl3\include\SDL3\SDL_test_fuzzer.h">
      <Filter>Archivos de encabezado\sdl3</Filter>
    </ClInclude>
    <ClInclude Include="libs\sdl3\include\SDL3\SDL_test_harness.h">
      <Filter>Archivos de encabezado\sdl3</Filter>
    </ClInclude>
    <ClInclude Include="libs\sdl3\include\SDL3\SDL_test_log.h">
      <Filter>Archivos de encabezado\sdl3</Filter>
    </ClInclude>
    <ClInclude Include="libs\sdl3\include\SDL3\SDL_test_md5.h">
      <Filter>Archivos de encabezado\sdl3</Filter>
    </ClInclude>
    <ClInclude Include="libs\sdl3\include\SDL3\SDL_test_memory.h">
      <Filter>Archivos de encabezado\sdl3</Filter>
    </ClInclude>
    <ClInclude Include="libs\sdl3\include\SDL3\SDL_thread.h">
      <Filter>Archivos de encabezado\sdl3</Filter>
    </ClInclude>
    <ClInclude Include="Motor.h">
      <Filter>Archivos de origen\Motor</Filter>
    </ClInclude>
    <ClInclude Include="Vector.h">
      <Filter>Archivos de origen\Motor</Filter>
    </ClInclude>
    <ClInclude Include="json.hpp">
      <Filter>Archivos de encabezado</Filter>
    </ClInclude>
  </ItemGroup>
  <ItemGroup>
    <ClCompile Include="libs\imgui\src\imgui.cpp">
      <Filter>Archivos de origen\imgui</Filter>
    </ClCompile>
    <ClCompile Include="libs\imgui\src\imgui_demo.cpp">
      <Filter>Archivos de origen\imgui</Filter>
    </ClCompile>
    <ClCompile Include="libs\imgui\src\imgui_draw.cpp">
      <Filter>Archivos de origen\imgui</Filter>
    </ClCompile>
    <ClCompile Include="libs\imgui\src\imgui_impl_sdl3.cpp">
      <Filter>Archivos de origen\imgui</Filter>
    </ClCompile>
    <ClCompile Include="libs\imgui\src\imgui_impl_sdlgpu3.cpp">
      <Filter>Archivos de origen\imgui</Filter>
    </ClCompile>
    <ClCompile Include="libs\imgui\src\imgui_impl_sdlrenderer3.cpp">
      <Filter>Archivos de origen\imgui</Filter>
    </ClCompile>
    <ClCompile Include="libs\imgui\src\imgui_tables.cpp">
      <Filter>Archivos de origen\imgui</Filter>
    </ClCompile>
    <ClCompile Include="libs\imgui\src\imgui_widgets.cpp">
      <Filter>Archivos de origen\imgui</Filter>
    </ClCompile>
    <ClCompile Include="main.cpp">
      <Filter>Archivos de origen</Filter>
    </ClCompile>
    <ClCompile Include="Motor.cpp">
      <Filter>Archivos de origen\Motor</Filter>
    </ClCompile>
    <ClCompile Include="Vector.cpp">
      <Filter>Archivos de origen\Motor</Filter>
    </ClCompile>
  </ItemGroup>
</Project>